
Microsoft Visual Studio Solution File, Format Version 12.00
# Visual Studio Version 17
VisualStudioVersion = 17.0.32014.148
MinimumVisualStudioVersion = 10.0.40219.1
Project("{FAE04EC0-301F-11D3-BF4B-00C04F79EFBC}") = "Cards", "Cards.csproj", "{F6A7A8AE-5E70-43C6-9CD1-D4A6643481BA}"
EndProject
Global
	GlobalSection(SolutionConfigurationPlatforms) = preSolution
		Debug|Any CPU = Debug|Any CPU
		Release|Any CPU = Release|Any CPU
	EndGlobalSection
	GlobalSection(ProjectConfigurationPlatforms) = postSolution
		{F6A7A8AE-5E70-43C6-9CD1-D4A6643481BA}.Debug|Any CPU.ActiveCfg = Debug|Any CPU
		{F6A7A8AE-5E70-43C6-9CD1-D4A6643481BA}.Debug|Any CPU.Build.0 = Debug|Any CPU
		{F6A7A8AE-5E70-43C6-9CD1-D4A6643481BA}.Release|Any CPU.ActiveCfg = Release|Any CPU
		{F6A7A8AE-5E70-43C6-9CD1-D4A6643481BA}.Release|Any CPU.Build.0 = Release|Any CPU
	EndGlobalSection
	GlobalSection(SolutionProperties) = preSolution
		HideSolutionNode = FALSE
	EndGlobalSection
	GlobalSection(ExtensibilityGlobals) = postSolution
		SolutionGuid = {ACBF35B1-59C6-4270-A15D-3CB415743601}
	EndGlobalSection
EndGlobal
