
Microsoft Visual Studio Solution File, Format Version 12.00
# Visual Studio Version 17
VisualStudioVersion = 17.0.32014.148
MinimumVisualStudioVersion = 10.0.40219.1
Project("{FAE04EC0-301F-11D3-BF4B-00C04F79EFBC}") = "BarCodeDesigner2", "..\BarCodeDesigner2\BarCodeDesigner2.csproj", "{E12E4EED-08BE-437A-BCCF-70401960CD52}"
EndProject
Global
	GlobalSection(SolutionConfigurationPlatforms) = preSolution
		Debug|Any CPU = Debug|Any CPU
		Release|Any CPU = Release|Any CPU
	EndGlobalSection
	GlobalSection(ProjectConfigurationPlatforms) = postSolution
		{E12E4EED-08BE-437A-BCCF-70401960CD52}.Debug|Any CPU.ActiveCfg = Debug|Any CPU
		{E12E4EED-08BE-437A-BCCF-70401960CD52}.Debug|Any CPU.Build.0 = Debug|Any CPU
		{E12E4EED-08BE-437A-BCCF-70401960CD52}.Release|Any CPU.ActiveCfg = Release|Any CPU
		{E12E4EED-08BE-437A-BCCF-70401960CD52}.Release|Any CPU.Build.0 = Release|Any CPU
	EndGlobalSection
	GlobalSection(SolutionProperties) = preSolution
		HideSolutionNode = FALSE
	EndGlobalSection
	GlobalSection(ExtensibilityGlobals) = postSolution
		SolutionGuid = {ACBF35B1-59C6-4270-A15D-3CB415743601}
	EndGlobalSection
EndGlobal
